
Microsoft Visual Studio Solution File, Format Version 12.00
# Visual Studio Version 17
VisualStudioVersion = 17.5.002.0
MinimumVisualStudioVersion = 10.0.40219.1
Project("{9A19103F-16F7-4668-BE54-9A1E7A4F7556}") = "Recursion_2", "Recursion_2.csproj", "{97D49EE1-5C98-467E-9347-E33AD89DC2D6}"
EndProject
Global
	GlobalSection(SolutionConfigurationPlatforms) = preSolution
		Debug|Any CPU = Debug|Any CPU
		Release|Any CPU = Release|Any CPU
	EndGlobalSection
	GlobalSection(ProjectConfigurationPlatforms) = postSolution
		{97D49EE1-5C98-467E-9347-E33AD89DC2D6}.Debug|Any CPU.ActiveCfg = Debug|Any CPU
		{97D49EE1-5C98-467E-9347-E33AD89DC2D6}.Debug|Any CPU.Build.0 = Debug|Any CPU
		{97D49EE1-5C98-467E-9347-E33AD89DC2D6}.Release|Any CPU.ActiveCfg = Release|Any CPU
		{97D49EE1-5C98-467E-9347-E33AD89DC2D6}.Release|Any CPU.Build.0 = Release|Any CPU
	EndGlobalSection
	GlobalSection(SolutionProperties) = preSolution
		HideSolutionNode = FALSE
	EndGlobalSection
	GlobalSection(ExtensibilityGlobals) = postSolution
		SolutionGuid = {4D0D6FB0-81E5-4810-B5F9-1BFE9E4971B8}
	EndGlobalSection
EndGlobal
